<Project xmlns="http://schemas.microsoft.com/developer/msbuild/2003">
    <PropertyGroup>
        <ProjectGuid>{44468E87-AD0B-40BE-9F09-9F88A88DA6E5}</ProjectGuid>
        <MainSource>myupdate.dpk</MainSource>
        <ProjectVersion>16.1</ProjectVersion>
        <FrameworkType>VCL</FrameworkType>
        <Base>True</Base>
        <Config Condition="'$(Config)'==''">Debug</Config>
        <Platform Condition="'$(Platform)'==''">Win32</Platform>
        <TargetedPlatforms>1</TargetedPlatforms>
        <AppType>Package</AppType>
    </PropertyGroup>
    <PropertyGroup Condition="'$(Config)'=='Base' or '$(Base)'!=''">
        <Base>true</Base>
    </PropertyGroup>
    <PropertyGroup Condition="('$(Platform)'=='OSX32' and '$(Base)'=='true') or '$(Base_OSX32)'!=''">
        <Base_OSX32>true</Base_OSX32>
        <CfgParent>Base</CfgParent>
        <Base>true</Base>
    </PropertyGroup>
    <PropertyGroup Condition="('$(Platform)'=='Win32' and '$(Base)'=='true') or '$(Base_Win32)'!=''">
        <Base_Win32>true</Base_Win32>
        <CfgParent>Base</CfgParent>
        <Base>true</Base>
    </PropertyGroup>
    <PropertyGroup Condition="('$(Platform)'=='Win64' and '$(Base)'=='true') or '$(Base_Win64)'!=''">
        <Base_Win64>true</Base_Win64>
        <CfgParent>Base</CfgParent>
        <Base>true</Base>
    </PropertyGroup>
    <PropertyGroup Condition="'$(Config)'=='Debug' or '$(Cfg_1)'!=''">
        <Cfg_1>true</Cfg_1>
        <CfgParent>Base</CfgParent>
        <Base>true</Base>
    </PropertyGroup>
    <PropertyGroup Condition="('$(Platform)'=='Win32' and '$(Cfg_1)'=='true') or '$(Cfg_1_Win32)'!=''">
        <Cfg_1_Win32>true</Cfg_1_Win32>
        <CfgParent>Cfg_1</CfgParent>
        <Cfg_1>true</Cfg_1>
        <Base>true</Base>
    </PropertyGroup>
    <PropertyGroup Condition="'$(Config)'=='Release' or '$(Cfg_2)'!=''">
        <Cfg_2>true</Cfg_2>
        <CfgParent>Base</CfgParent>
        <Base>true</Base>
    </PropertyGroup>
    <PropertyGroup Condition="('$(Platform)'=='OSX32' and '$(Cfg_2)'=='true') or '$(Cfg_2_OSX32)'!=''">
        <Cfg_2_OSX32>true</Cfg_2_OSX32>
        <CfgParent>Cfg_2</CfgParent>
        <Cfg_2>true</Cfg_2>
        <Base>true</Base>
    </PropertyGroup>
    <PropertyGroup Condition="'$(Base)'!=''">
        <SanitizedProjectName>myupdate</SanitizedProjectName>
        <DCC_CBuilderOutput>All</DCC_CBuilderOutput>
        <GenDll>true</GenDll>
        <GenPackage>true</GenPackage>
        <DCC_Namespace>System;Xml;Data;Datasnap;Web;Soap;Vcl;Vcl.Imaging;Vcl.Touch;Vcl.Samples;Vcl.Shell;$(DCC_Namespace)</DCC_Namespace>
        <DCC_DcuOutput>.\$(Platform)\$(Config)</DCC_DcuOutput>
        <DCC_ExeOutput>.\$(Platform)\$(Config)</DCC_ExeOutput>
        <DCC_E>false</DCC_E>
        <DCC_N>false</DCC_N>
        <DCC_S>false</DCC_S>
        <DCC_F>false</DCC_F>
        <DCC_K>false</DCC_K>
    </PropertyGroup>
    <PropertyGroup Condition="'$(Base_OSX32)'!=''">
        <DCC_UsePackage>rtl;$(DCC_UsePackage)</DCC_UsePackage>
        <Icns_MainIcns>$(BDS)\bin\delphi_PROJECTICNS.icns</Icns_MainIcns>
    </PropertyGroup>
    <PropertyGroup Condition="'$(Base_Win32)'!=''">
        <VerInfo_Locale>1033</VerInfo_Locale>
        <DCC_UsePackage>rtl;$(DCC_UsePackage)</DCC_UsePackage>
        <VerInfo_Keys>CompanyName=;FileDescription=;FileVersion=1.0.0.0;InternalName=;LegalCopyright=;LegalTrademarks=;OriginalFilename=;ProductName=;ProductVersion=1.0.0.0;Comments=</VerInfo_Keys>
        <VerInfo_IncludeVerInfo>true</VerInfo_IncludeVerInfo>
        <DCC_Namespace>Winapi;System.Win;Data.Win;Datasnap.Win;Web.Win;Soap.Win;Xml.Win;Bde;$(DCC_Namespace)</DCC_Namespace>
    </PropertyGroup>
    <PropertyGroup Condition="'$(Base_Win64)'!=''">
        <DCC_UsePackage>rtl;$(DCC_UsePackage)</DCC_UsePackage>
    </PropertyGroup>
    <PropertyGroup Condition="'$(Cfg_1)'!=''">
        <DCC_Define>DEBUG;$(DCC_Define)</DCC_Define>
        <DCC_DebugDCUs>true</DCC_DebugDCUs>
        <DCC_Optimize>false</DCC_Optimize>
        <DCC_GenerateStackFrames>true</DCC_GenerateStackFrames>
        <DCC_DebugInfoInExe>true</DCC_DebugInfoInExe>
        <DCC_RemoteDebug>true</DCC_RemoteDebug>
    </PropertyGroup>
    <PropertyGroup Condition="'$(Cfg_1_Win32)'!=''">
        <VerInfo_Keys>CompanyName=;FileDescription=;FileVersion=1.4.10.24;InternalName=;LegalCopyright=;LegalTrademarks=;OriginalFilename=;ProductName=;ProductVersion=1.0.0.0;Comments=</VerInfo_Keys>
        <VerInfo_Build>24</VerInfo_Build>
        <VerInfo_Release>10</VerInfo_Release>
        <VerInfo_MinorVer>4</VerInfo_MinorVer>
        <DCC_Description>TMyUpdate</DCC_Description>
        <VerInfo_Locale>1033</VerInfo_Locale>
        <VerInfo_IncludeVerInfo>true</VerInfo_IncludeVerInfo>
        <DCC_RemoteDebug>false</DCC_RemoteDebug>
    </PropertyGroup>
    <PropertyGroup Condition="'$(Cfg_2)'!=''">
        <DCC_LocalDebugSymbols>false</DCC_LocalDebugSymbols>
        <DCC_Define>RELEASE;$(DCC_Define)</DCC_Define>
        <DCC_SymbolReferenceInfo>0</DCC_SymbolReferenceInfo>
        <DCC_DebugInformation>0</DCC_DebugInformation>
    </PropertyGroup>
    <PropertyGroup Condition="'$(Cfg_2_OSX32)'!=''">
        <Icns_MainIcns>$(BDS)\bin\delphi_PROJECTICNS.icns</Icns_MainIcns>
    </PropertyGroup>
    <ItemGroup>
        <DelphiCompile Include="$(MainSource)">
            <MainSource>MainSource</MainSource>
        </DelphiCompile>
        <DCCReference Include="rtl.dcp"/>
        <DCCReference Include="designide.dcp"/>
        <DCCReference Include="uMyUpdate.pas"/>
        <DCCReference Include="MyThreadingUnit.pas"/>
        <DCCReference Include="uDirNameProp.pas"/>
        <BuildConfiguration Include="Release">
            <Key>Cfg_2</Key>
            <CfgParent>Base</CfgParent>
        </BuildConfiguration>
        <BuildConfiguration Include="Base">
            <Key>Base</Key>
        </BuildConfiguration>
        <BuildConfiguration Include="Debug">
            <Key>Cfg_1</Key>
            <CfgParent>Base</CfgParent>
        </BuildConfiguration>
    </ItemGroup>
    <ProjectExtensions>
        <Borland.Personality>Delphi.Personality.12</Borland.Personality>
        <Borland.ProjectType>Package</Borland.ProjectType>
        <BorlandProject>
            <Delphi.Personality>
                <Source>
                    <Source Name="MainSource">myupdate.dpk</Source>
                </Source>
                <VersionInfo>
                    <VersionInfo Name="IncludeVerInfo">True</VersionInfo>
                    <VersionInfo Name="AutoIncBuild">False</VersionInfo>
                    <VersionInfo Name="MajorVer">1</VersionInfo>
                    <VersionInfo Name="MinorVer">0</VersionInfo>
                    <VersionInfo Name="Release">0</VersionInfo>
                    <VersionInfo Name="Build">0</VersionInfo>
                    <VersionInfo Name="Debug">False</VersionInfo>
                    <VersionInfo Name="PreRelease">False</VersionInfo>
                    <VersionInfo Name="Special">False</VersionInfo>
                    <VersionInfo Name="Private">False</VersionInfo>
                    <VersionInfo Name="DLL">False</VersionInfo>
                    <VersionInfo Name="Locale">1049</VersionInfo>
                    <VersionInfo Name="CodePage">1251</VersionInfo>
                </VersionInfo>
                <VersionInfoKeys>
                    <VersionInfoKeys Name="CompanyName"/>
                    <VersionInfoKeys Name="FileDescription"/>
                    <VersionInfoKeys Name="FileVersion">1.0.0.0</VersionInfoKeys>
                    <VersionInfoKeys Name="InternalName"/>
                    <VersionInfoKeys Name="LegalCopyright"/>
                    <VersionInfoKeys Name="LegalTrademarks"/>
                    <VersionInfoKeys Name="OriginalFilename"/>
                    <VersionInfoKeys Name="ProductName"/>
                    <VersionInfoKeys Name="ProductVersion">1.0.0.0</VersionInfoKeys>
                    <VersionInfoKeys Name="Comments"/>
                    <VersionInfoKeys Name="CFBundleName"/>
                    <VersionInfoKeys Name="CFBundleDisplayName"/>
                    <VersionInfoKeys Name="CFBundleIdentifier"/>
                    <VersionInfoKeys Name="CFBundleVersion"/>
                    <VersionInfoKeys Name="CFBundlePackageType"/>
                    <VersionInfoKeys Name="CFBundleSignature"/>
                    <VersionInfoKeys Name="CFBundleAllowMixedLocalizations"/>
                    <VersionInfoKeys Name="CFBundleExecutable"/>
                </VersionInfoKeys>
                <Excluded_Packages>
                    <Excluded_Packages Name="$(BDSBIN)\dcloffice2k170.bpl">Microsoft Office 2000 Sample Automation Server Wrapper Components</Excluded_Packages>
                    <Excluded_Packages Name="$(BDSBIN)\dclofficexp170.bpl">Microsoft Office XP Sample Automation Server Wrapper Components</Excluded_Packages>
                </Excluded_Packages>
            </Delphi.Personality>
            <Deployment/>
            <Platforms>
                <Platform value="OSX32">False</Platform>
                <Platform value="Win32">True</Platform>
                <Platform value="Win64">False</Platform>
            </Platforms>
        </BorlandProject>
        <ProjectFileVersion>12</ProjectFileVersion>
    </ProjectExtensions>
    <Import Project="$(BDS)\Bin\CodeGear.Delphi.Targets" Condition="Exists('$(BDS)\Bin\CodeGear.Delphi.Targets')"/>
    <Import Project="$(APPDATA)\Embarcadero\$(BDSAPPDATABASEDIR)\$(PRODUCTVERSION)\UserTools.proj" Condition="Exists('$(APPDATA)\Embarcadero\$(BDSAPPDATABASEDIR)\$(PRODUCTVERSION)\UserTools.proj')"/>
</Project>

<!-- EurekaLog First Line
[Exception Log]
EurekaLog Version=7007
Activate=0
atVCL=1
AutoCrashOperation=2
boHandleSafeCallExceptions=1
boUseMainModuleOptions=1
csoAllowedRenderMethods=64
csoShowWindowsThreads=1
DeleteMapAfterCompile=0
dpJCL=1
Encrypt Password=""
Errors Number=32
Errors Terminate=3
Freeze Timeout=0
idEurekaLog=1
idEurekaLogDetailed=1
idMSClassic=1
idStepsToReproduce=1
loAddBugIDInLogFileName=1
loAddComputerNameInLogFileName=1
loAddDateInLogFileName=1
loCatchLeaks=0
loEnableMMDebugMode=0
loFreeAllLeaks=1
loHideRTLLeaks=0
loMaxLeaks=1024
loOnlyUnderIDE=0
loProcessesSection=1
mtApplication1="%U043F%U0440%U0438%U043B%U043E%U0436%U0435%U043D%U0438%U0438"
mtApplication2="%U043F%U0440%U0438%U043B%U043E%U0436%U0435%U043D%U0438%U0435"
mtCallStack_Address="%U0410%U0434%U0440%U0435%U0441"
mtCallStack_CallingThread="%U0412%U044B%U0437%U044B%U0432%U0430%U044E%U0449%U0438%U0439 %U043F%U043E%U0442%U043E%U043A"
mtCallStack_Class="%U041A%U043B%U0430%U0441%U0441"
mtCallStack_CustomComment="%U041A%U043E%U043C%U043C%U0435%U043D%U0442%U0430%U0440%U0438%U0439"
mtCallStack_DeadLock="%U0412%U0437%U0430%U0438%U043C%U043E%U0431%U043B%U043E%U043A%U0438%U0440%U043E%U0432%U043A%U0430"
mtCallStack_DebugDetails="%U0423%U0440%U043E%U0432%U0435%U043D%U044C %U0434%U0435%U0442%U0430%U043B%U0435%U0439"
mtCallStack_ExceptionThread="%U041F%U043E%U0442%U043E%U043A %U0438%U0441%U043A%U043B%U044E%U0447%U0435%U043D%U0438%U044F"
mtCallStack_LeakCount="%U041A%U043E%U043B-%U0432%U043E"
mtCallStack_LeakData="%U0414%U0430%U043D%U043D%U044B%U0435"
mtCallStack_LeakSize="%U0420%U0430%U0437%U043C%U0435%U0440"
mtCallStack_LeakTitle="%U0423%U0442%U0435%U0447%U043A%U0430"
mtCallStack_LeakType="%U0422%U0438%U043F"
mtCallStack_Line="%U0421%U0442%U0440%U043E%U043A%U0430"
mtCallStack_MainThread="%U0413%U043B%U0430%U0432%U043D%U044B%U0439"
mtCallStack_Methods="%U041C%U0435%U0442%U043E%U0434%U044B"
mtCallStack_Name="%U041C%U043E%U0434%U0443%U043B%U044C"
mtCallStack_Offset="%U0421%U043C%U0435%U0449%U0435%U043D%U0438%U0435"
mtCallStack_ParentID="%U0420%U043E%U0434%U0438%U0442%U0435%U043B%U044C"
mtCallStack_Procedure="%U0424%U0443%U043D%U043A%U0446%U0438%U044F/%U043C%U0435%U0442%U043E%U0434"
mtCallStack_RunningThread="%U0420%U0430%U0431%U043E%U0442%U0430%U044E%U0449%U0438%U0439 %U043F%U043E%U0442%U043E%U043A"
mtCallStack_StackAddress="%U0421%U0442%U0435%U043A"
mtCallStack_ThreadClass="%U041A%U043B%U0430%U0441%U0441"
mtCallStack_ThreadName="%U0418%U043C%U044F"
mtCallStack_ThreadPriority="%U041F%U0440%U0438%U043E%U0440%U0438%U0442%U0435%U0442"
mtCallStack_Unit="%U041C%U043E%U0434%U0443%U043B%U044C"
mtCallStack_WaitChain="%U0426%U0435%U043F%U043E%U0447%U043A%U0430 %U043E%U0436%U0438%U0434%U0430%U043D%U0438%U044F"
mtConsole_AskConsent="%U0412%U044B %U0445%U043E%U0442%U0438%U0442%U0435 %U043E%U0442%U043F%U0440%U0430%U0432%U0438%U0442%U044C %U044D%U0442%U043E%U0442 %U043E%U0442%U0447%U0451%U0442 %U0440%U0430%U0437%U0440%U0430%U0431%U043E%U0442%U0447%U0438%U043A%U0430%U043C %U043F%U0440%U043E%U0433%U0440%U0430%U043C%U043C%U044B? (Y - %U0414%U0430, N - %U041D%U0435%U0442): "
mtConsole_SeeReport="%U0421%U043C. %U043E%U0442%U0447%U0451%U0442 %U043E %U043F%U0440%U043E%U0431%U043B%U0435%U043C%U0435: %%s"
mtCPU_MemoryDump="%U0414%U0430%U043C%U043F %U043F%U0430%U043C%U044F%U0442%U0438"
mtCPU_Registers="%U0420%U0435%U0433%U0438%U0441%U0442%U0440%U044B"
mtCPU_Stack="%U0421%U0442%U0435%U043A"
mtDialog_AsmCaption="%U0414%U0438%U0437%U0430%U0441%U0441%U0435%U043C%U0431%U043B%U0435%U0440"
mtDialog_AsmHeader="%U0418%U043D%U0444%U043E%U0440%U043C%U0430%U0446%U0438%U044F %U0434%U0438%U0437%U0430%U0441%U0441%U0435%U043C%U0431%U043B%U0435%U0440%U0430"
mtDialog_CallStackCaption="%U0421%U0442%U0435%U043A %U0432%U044B%U0437%U043E%U0432%U0430"
mtDialog_CallStackHeader="%U0418%U043D%U0444%U043E%U0440%U043C%U0430%U0446%U0438%U044F %U0441%U0442%U0435%U043A%U0430 %U0432%U044B%U0437%U043E%U0432%U0430"
mtDialog_Caption="%U041F%U0440%U043E%U0438%U0437%U043E%U0448%U043B%U0430 %U043E%U0448%U0438%U0431%U043A%U0430"
mtDialog_CopyMessage="%U0421%U043A%U043E%U043F%U0438%U0440%U043E%U0432%U0430%U0442%U044C %U0432 %U0026%U0431%U0443%U0444%U0435%U0440 %U043E%U0431%U043C%U0435%U043D%U0430"
mtDialog_CPUHeader="%U0418%U043D%U0444%U043E%U0440%U043C%U0430%U0446%U0438%U044F %U043F%U0440%U043E%U0446%U0435%U0441%U0441%U043E%U0440%U0430"
mtDialog_CustomButtonCaption="%U0026%U0421%U043F%U0440%U0430%U0432%U043A%U0430"
mtDialog_DetailsButtonCaption="%U0026%U041F%U043E%U0434%U0440%U043E%U0431%U043D%U0435%U0435"
mtDialog_ErrorMsgCaption="%U041F%U0440%U0438 %U0432%U044B%U043F%U043E%U043B%U043D%U0435%U043D%U0438%U0438 %%s %U0432%U043E%U0437%U043D%U0438%U043A%U043B%U0430 %U043F%U0440%U043E%U0431%U043B%U0435%U043C%U0430.\r\n%U041F%U043E%U0436%U0430%U043B%U0443%U0439%U0441%U0442%U0430, %U043E%U0437%U043D%U0430%U043A%U043E%U043C%U044C%U0442%U0435%U0441%U044C %U0441 %U0438%U043D%U0444%U043E%U0440%U043C%U0430%U0446%U0438%U0435%U0439 %U043D%U0438%U0436%U0435."
mtDialog_GeneralCaption="%U041E%U0431%U0449%U0435%U0435"
mtDialog_GeneralHeader="%U041E%U0431%U0449%U0430%U044F %U0438%U043D%U0444%U043E%U0440%U043C%U0430%U0446%U0438%U044F"
mtDialog_HelpButtonCaption=""
mtDialog_LeaksCaption=""
mtDialog_LeaksHeader=""
mtDialog_ModulesCaption="%U041C%U043E%U0434%U0443%U043B%U0438"
mtDialog_ModulesHeader="%U0418%U043D%U0444%U043E%U0440%U043C%U0430%U0446%U0438%U044F %U043E %U043C%U043E%U0434%U0443%U043B%U044F%U0445"
mtDialog_ProcessesCaption="%U041F%U0440%U043E%U0446%U0435%U0441%U0441%U044B"
mtDialog_ProcessesHeader="%U0418%U043D%U0444%U043E%U0440%U043C%U0430%U0446%U0438%U044F %U043E %U043F%U0440%U043E%U0446%U0435%U0441%U0441%U0430%U0445"
mtDialog_RestartButtonCaption="%U041F%U0026%U0435%U0440%U0435%U0437%U0430%U043F%U0443%U0441%U0442%U0438%U0442%U044C"
mtDialog_ScreenshotMessage="%U0412%U043B%U043E%U0436%U0438%U0442%U044C %U0026%U0441%U043D%U0438%U043C%U043E%U043A %U044D%U043A%U0440%U0430%U043D%U0430"
mtDialog_SendMessage="%U0026%U041E%U0442%U043F%U0440%U0430%U0432%U0438%U0442%U044C %U043E%U0442%U0447%U0451%U0442"
mtDialog_SupportMessage="%U041E%U0442%U043A%U0440%U044B%U0442%U044C %U0441%U0430%U0439%U0442 %U043F%U0440%U043E%U0433%U0440%U0430%U043C%U043C%U044B"
mtDialog_TerminateButtonCaption="%U0026%U0417%U0430%U043A%U0440%U044B%U0442%U044C"
mtErrorMsgCaption="%U041E%U0448%U0438%U0431%U043A%U0430."
mtException_AntiFreeze="%U041F%U043E%U0445%U043E%U0436%U0435, %U043F%U0440%U0438%U043B%U043E%U0436%U0435%U043D%U0438%U0435 %U043F%U043E%U0432%U0438%U0441%U043B%U043E."
mtException_LeakMemoryOverrun="%U041F%U0435%U0440%U0435%U043F%U043E%U043B%U043D%U0435%U043D%U0438%U0435 %U0431%U0443%U0444%U0435%U0440%U0430"
mtException_LeakMultiFree="%U041F%U043E%U0432%U0442%U043E%U0440%U043D%U043E%U0435 %U043E%U0441%U0432%U043E%U0431%U043E%U0436%U0434%U0435%U043D%U0438%U0435 %U043F%U0430%U043C%U044F%U0442%U0438"
mtFileCrackedMsg="%U0424%U0430%U0439%U043B %U0431%U044B%U043B %U0438%U0437%U043C%U0435%U043D%U0451%U043D.\r\n%U041F%U0440%U0438%U043B%U043E%U0436%U0435%U043D%U0438%U0435 %U0431%U0443%U0434%U0435%U0442 %U0437%U0430%U043A%U0440%U044B%U0442%U043E."
mtInformationMsgCaption="%U0418%U043D%U0444%U043E%U0440%U043C%U0430%U0446%U0438%U044F."
mtInvalidEmailMsg="%U0423%U043A%U0430%U0437%U0430%U043D %U043D%U0435%U043A%U043E%U0440%U0440%U0435%U043A%U0442%U043D%U044B%U0439 e-mail %U0430%U0434%U0440%U0435%U0441."
mtLog_ActCtrlsControlClass="%U041A%U043B%U0430%U0441%U0441 %U044D%U043B%U0435%U043C%U0435%U043D%U0442%U0430"
mtLog_ActCtrlsControlText="%U0422%U0435%U043A%U0441%U0442 %U044D%U043B%U0435%U043C%U0435%U043D%U0442%U0430"
mtLog_ActCtrlsFormClass="%U041A%U043B%U0430%U0441%U0441 %U043E%U043A%U043D%U0430"
mtLog_ActCtrlsFormText="%U0422%U0435%U043A%U0441%U0442 %U043E%U043A%U043D%U0430"
mtLog_ActCtrlsHeader="%U0410%U043A%U0442%U0438%U0432%U043D%U044B%U0439 %U044D%U043B%U0435%U043C%U0435%U043D%U0442 %U0443%U043F%U0440%U0430%U0432%U043B%U0435%U043D%U0438%U044F"
mtLog_AppCompilationDate="%U0414%U0430%U0442%U0430 %U0441%U0431%U043E%U0440%U043A%U0438"
mtLog_AppHeader="%U041F%U0440%U0438%U043B%U043E%U0436%U0435%U043D%U0438%U0435"
mtLog_AppName="%U0418%U043C%U044F/%U043E%U043F%U0438%U0441%U0430%U043D%U0438%U0435"
mtLog_AppParameters="%U041F%U0430%U0440%U0430%U043C%U0435%U0442%U0440%U044B %U0437%U0430%U043F%U0443%U0441%U043A%U0430"
mtLog_AppStartDate="%U0412%U0440%U0435%U043C%U044F %U0437%U0430%U043F%U0443%U0441%U043A%U0430"
mtLog_AppUpTime="%U0412%U0440%U0435%U043C%U044F %U0440%U0430%U0431%U043E%U0442%U044B %U043F%U0440%U0438%U043B%U043E%U0436%U0435%U043D%U0438%U044F"
mtLog_AppVersionNumber="%U041D%U043E%U043C%U0435%U0440 %U0432%U0435%U0440%U0441%U0438%U0438"
mtLog_CmpDisplayDPI="DPI %U043C%U043E%U043D%U0438%U0442%U043E%U0440%U0430"
mtLog_CmpDisplayMode="%U0420%U0435%U0436%U0438%U043C %U044D%U043A%U0440%U0430%U043D%U0430"
mtLog_CmpFreeDisk="%U0421%U0432%U043E%U0431%U043E%U0434%U043D%U043E %U043D%U0430 %U0434%U0438%U0441%U043A%U0435"
mtLog_CmpFreeMemory="%U0421%U0432%U043E%U0431%U043E%U0434%U043D%U043E %U043F%U0430%U043C%U044F%U0442%U0438"
mtLog_CmpHeader="%U041A%U043E%U043C%U043F%U044C%U044E%U0442%U0435%U0440"
mtLog_CmpName="%U0418%U043C%U044F"
mtLog_CmpPrinter="%U041F%U0440%U0438%U043D%U0442%U0435%U0440"
mtLog_CmpProcessor="%U041F%U0440%U043E%U0446%U0435%U0441%U0441%U043E%U0440"
mtLog_CmpSystemUpTime="%U0412%U0440%U0435%U043C%U044F %U0440%U0430%U0431%U043E%U0442%U044B %U0441%U0438%U0441%U0442%U0435%U043C%U044B"
mtLog_CmpTotalDisk="%U0412%U0441%U0435%U0433%U043E %U043C%U0435%U0441%U0442%U0430 %U043D%U0430 %U0434%U0438%U0441%U043A%U0435"
mtLog_CmpTotalMemory="%U0412%U0441%U0435%U0433%U043E %U043F%U0430%U043C%U044F%U0442%U0438"
mtLog_CmpVideoCard="%U0412%U0438%U0434%U0435%U043E %U043A%U0430%U0440%U0442%U0430"
mtLog_CmpVM=""
mtLog_CustInfoHeader="%U0414%U043E%U043F%U043E%U043B%U043D%U0438%U0442%U0435%U043B%U044C%U043D%U0430%U044F %U0438%U043D%U0444%U043E%U0440%U043C%U0430%U0446%U0438%U044F"
mtLog_ExcAddress="%U0410%U0434%U0440%U0435%U0441"
mtLog_ExcCount="%U041A%U043E%U043B%U0438%U0447%U0435%U0441%U0442%U0432%U043E"
mtLog_ExcDate="%U0412%U0440%U0435%U043C%U044F"
mtLog_ExcHeader="%U0418%U0441%U043A%U043B%U044E%U0447%U0435%U043D%U0438%U0435"
mtLog_ExcMessage="%U0421%U043E%U043E%U0431%U0449%U0435%U043D%U0438%U0435"
mtLog_ExcModuleName="%U0418%U043C%U044F %U043C%U043E%U0434%U0443%U043B%U044F"
mtLog_ExcModuleVersion="%U0412%U0435%U0440%U0441%U0438%U044F %U043C%U043E%U0434%U0443%U043B%U044F"
mtLog_ExcNote="%U041F%U0440%U0438%U043C%U0435%U0447%U0430%U043D%U0438%U0435"
mtLog_ExcSend="%U041E%U0442%U0447%U0451%U0442 %U043E%U0442%U043F%U0440%U0430%U0432%U043B%U0435%U043D"
mtLog_ExcStatus="%U0421%U0442%U0430%U0442%U0443%U0441"
mtLog_ExcType="%U0422%U0438%U043F"
mtLog_NetGateway="%U0428%U043B%U044E%U0437"
mtLog_NetHeader=""
mtLog_NetIP="IP %U0430%U0434%U0440%U0435%U0441"
mtLog_NetSubmask="%U041C%U0430%U0441%U043A%U0430 %U043F%U043E%U0434%U0441%U0435%U0442%U0438"
mtLog_OSBuildN="%U041D%U043E%U043C%U0435%U0440 %U0441%U0431%U043E%U0440%U043A%U0438"
mtLog_OSCharset="%U0421%U0435%U0442%U044C"
mtLog_OSHeader="%U041E%U043F%U0435%U0440%U0430%U0446%U0438%U043E%U043D%U043D%U0430%U044F %U0441%U0438%U0441%U0442%U0435%U043C%U0430"
mtLog_OSLanguage="%U042F%U0437%U044B%U043A"
mtLog_OSType="%U0422%U0438%U043F"
mtLog_OSUpdate="%U041E%U0431%U043D%U043E%U0432%U043B%U0435%U043D%U0438%U0435"
mtLog_ReproduceHeader=""
mtLog_ReproduceText=""
mtLog_UserCompany="%U041A%U043E%U043C%U043F%U0430%U043D%U0438%U044F"
mtLog_UserEmail="E-mail"
mtLog_UserHeader="%U041F%U043E%U043B%U044C%U0437%U043E%U0432%U0430%U0442%U0435%U043B%U044C"
mtLog_UserName="%U0418%U043C%U044F"
mtLog_UserPrivileges="%U041F%U0440%U0438%U0432%U0438%U043B%U0435%U0433%U0438%U0438"
mtMemLeak="%U0412 %U043F%U0440%U0438%U043B%U043E%U0436%U0435%U043D%U0438%U0438 %U0435%U0441%U0442%U044C %U0443%U0442%U0435%U0447%U043A%U0430 %U043F%U0430%U043C%U044F%U0442%U0438"
mtModules_Description="%U041E%U043F%U0438%U0441%U0430%U043D%U0438%U0435"
mtModules_Handle="%U041E%U043F%U0438%U0441%U0430%U0442%U0435%U043B%U044C"
mtModules_LastModified="%U0418%U0437%U043C%U0435%U043D%U0451%U043D"
mtModules_Name="%U0418%U043C%U044F"
mtModules_Path="%U041F%U0443%U0442%U044C"
mtModules_Size="%U0420%U0430%U0437%U043C%U0435%U0440"
mtModules_Version="%U0412%U0435%U0440%U0441%U0438%U044F"
mtMSDialog_DescriptionCaption="%U041C%U044B %U0441%U043E%U0437%U0434%U0430%U043B%U0438 %U043E%U0442%U0447%U0451%U0442 %U043E %U043F%U0440%U043E%U0431%U043B%U0435%U043C%U0435, %U043A%U043E%U0442%U043E%U0440%U044B%U0439 %U0432%U044B %U043C%U043E%U0436%U0435%U0442%U0435 %U043E%U0442%U043F%U0440%U0430%U0432%U0438%U0442%U044C %U043D%U0430%U043C, %U0447%U0442%U043E%U0431%U044B %U043F%U043E%U043C%U043E%U0447%U044C %U0443%U043B%U0443%U0447%U0448%U0438%U0442%U044C %%s. %U042D%U0442%U043E%U0442 %U043E%U0442%U0447%U0451%U0442 %U0430%U043D%U043E%U043D%U0438%U043C%U043D%U044B%U0439 %U0438 %U043A%U043E%U043D%U0444%U0438%U0434%U0435%U043D%U0446%U0438%U0430%U043B%U044C%U043D%U044B%U0439."
mtMSDialog_EmailCaption="%U0412%U0430%U0448 %U0430%U0434%U0440%U0435%U0441 e-mail:"
mtMSDialog_EmailCaption2=""
mtMSDialog_ErrorMsgCaption="%U0412 %%s %U0432%U043E%U0437%U043D%U0438%U043A%U043B%U0430 %U043F%U0440%U043E%U0431%U043B%U0435%U043C%U0430. %U041C%U044B %U043F%U0440%U0438%U043D%U043E%U0441%U0438%U043C %U0438%U0437%U0432%U0438%U043D%U0435%U043D%U0438%U044F %U0437%U0430 %U0434%U043E%U0441%U0442%U0430%U0432%U043B%U0435%U043D%U043D%U044B%U0435 %U043D%U0435%U0443%U0434%U043E%U0431%U0441%U0442%U0432%U0430."
mtMSDialog_HowToReproduceCaption="%U0427%U0442%U043E %U0432%U044B %U0434%U0435%U043B%U0430%U043B%U0438, %U043A%U043E%U0433%U0434%U0430 %U0432%U043E%U0437%U043D%U0438%U043A%U043B%U0430 %U043F%U0440%U043E%U0431%U043B%U0435%U043C%U0430 (%U0448%U0430%U0433%U0438 %U043F%U043E %U0432%U043E%U0441%U043F%U0440%U043E%U0438%U0437%U0432%U0435%U0434%U0435%U043D%U0438%U044E)?"
mtMSDialog_NoSendButtonCaption="%U0026%U041D%U0435 %U043E%U0442%U043F%U0440%U0430%U0432%U043B%U044F%U0442%U044C"
mtMSDialog_PleaseCaption="%U041F%U043E%U0436%U0430%U043B%U0443%U0439%U0441%U0442%U0430, %U0441%U043E%U043E%U0431%U0449%U0438%U0442%U0435 %U043D%U0430%U043C %U043E%U0431 %U044D%U0442%U043E%U0439 %U043F%U0440%U043E%U0431%U043B%U0435%U043C%U0435."
mtMSDialog_RestartCaption="%U041F%U0435%U0440%U0435%U0437%U0430%U043F%U0443%U0441%U0442%U0438%U0442%U044C %%s"
mtMSDialog_SeeClickCaption="%U0449%U0451%U043B%U043A%U043D%U0438%U0442%U0435 %U0437%U0434%U0435%U0441%U044C."
mtMSDialog_SeeDetailsCaption="%U0427%U0442%U043E%U0431%U044B %U0443%U0432%U0438%U0434%U0435%U0442%U044C, %U043A%U0430%U043A%U0438%U0435 %U0434%U0430%U043D%U043D%U044B%U0435 %U0441%U043E%U0434%U0435%U0440%U0436%U0430%U0442%U0441%U044F %U0432 %U044D%U0442%U043E%U043C %U043E%U0442%U0447%U0451%U0442%U0435, "
mtMSDialog_SendButtonCaption="%U0026%U041E%U0442%U043F%U0440%U0430%U0432%U0438%U0442%U044C %U043E%U0442%U0447%U0451%U0442"
mtMSDialog_TerminateCaption="%U0417%U0430%U0432%U0435%U0440%U0448%U0438%U0442%U044C %U0440%U0430%U0431%U043E%U0442%U0443 %%s"
mtProcesses_Description="%U041E%U043F%U0438%U0441%U0430%U043D%U0438%U0435"
mtProcesses_Memory="%U041F%U0430%U043C%U044F%U0442%U044C"
mtProcesses_Name="%U0418%U043C%U044F"
mtProcesses_Path="%U041F%U0443%U0442%U044C"
mtProcesses_Priority="%U041F%U0440%U0438%U043E%U0440%U0438%U0442%U0435%U0442"
mtProcesses_Threads="%U041F%U043E%U0442%U043E%U043A%U0438"
mtProcesses_Version="%U0412%U0435%U0440%U0441%U0438%U044F"
mtQuestionMsgCaption="%U0412%U043E%U043F%U0440%U043E%U0441."
mtReproduceDialog_Caption="%U0417%U0430%U043F%U0440%U043E%U0441 %U0434%U043E%U043F%U043E%U043B%U043D%U0438%U0442%U0435%U043B%U044C%U043D%U043E%U0439 %U0438%U043D%U0444%U043E%U0440%U043C%U0430%U0446%U0438%U0438"
mtReproduceDialog_Request="%U041F%U043E%U0436%U0430%U043B%U0443%U0439%U0441%U0442%U0430, %U043E%U043F%U0438%U0448%U0438%U0442%U0435 %U0448%U0430%U0433%U0438 %U043F%U043E %U0432%U043E%U0441%U043F%U0440%U043E%U0438%U0437%U0432%U0435%U0434%U0435%U043D%U0438%U044E %U043F%U0440%U043E%U0431%U043B%U0435%U043C%U044B:"
mtResLeak="%U0412 %U043F%U0440%U0438%U043B%U043E%U0436%U0435%U043D%U0438%U0438 %U0435%U0441%U0442%U044C %U0443%U0442%U0435%U0447%U043A%U0430 %U0440%U0435%U0441%U0443%U0440%U0441%U043E%U0432"
mtSend_AskSend="%%s\r\n\r\n%U0412%U044B %U0445%U043E%U0442%U0438%U0442%U0435 %U0441%U043E%U043E%U0431%U0449%U0438%U0442%U044C %U0440%U0430%U0437%U0440%U0430%U0431%U043E%U0442%U0447%U0438%U043A%U0430%U043C %U043F%U0440%U043E%U0433%U0440%U0430%U043C%U043C%U044B %U043E%U0431 %U044D%U0442%U043E%U0439 %U043F%U0440%U043E%U0431%U043B%U0435%U043C%U0435?"
mtSend_BugClosedMsg="%U0414%U043B%U044F %U044D%U0442%U043E%U0439 %U043F%U0440%U043E%U0431%U043B%U0435%U043C%U044B %U0443%U0436%U0435 %U0435%U0441%U0442%U044C %U0440%U0435%U0448%U0435%U043D%U0438%U0435.\r\n%U0421%U0432%U044F%U0436%U0438%U0442%U0435%U0441%U044C %U0441 %U043F%U0440%U043E%U0438%U0437%U0432%U043E%U0434%U0438%U0442%U0435%U043B%U0435%U043C %U043F%U0440%U043E%U0433%U0440%U0430%U043C%U043C%U044B %U0434%U043B%U044F %U043F%U043E%U043B%U0443%U0447%U0435%U043D%U0438%U044F %U043D%U043E%U0432%U043E%U0439 %U0432%U0435%U0440%U0441%U0438%U0438."
mtSend_FailureMsg="%U0418%U0437%U0432%U0438%U043D%U0438%U0442%U0435, %U0432%U043E %U0432%U0440%U0435%U043C%U044F %U043E%U0442%U043F%U0440%U0430%U0432%U043A%U0438 %U043E%U0442%U0447%U0451%U0442%U0430 %U0432%U043E%U0437%U043D%U0438%U043A%U043B%U0430 %U043F%U0440%U043E%U0431%U043B%U0435%U043C%U0430.\r\n%U041E%U0442%U0447%U0451%U0442 %U043E%U0431 %U043E%U0448%U0438%U0431%U043A%U0435 %U043D%U0435 %U0431%U044B%U043B %U043E%U0442%U043F%U0440%U0430%U0432%U043B%U0435%U043D."
mtSend_InvalidInsertMsg="%U041E%U0448%U0438%U0431%U043A%U0430 %U0434%U043E%U0431%U0430%U0432%U043B%U0435%U043D%U0438%U044F %U043E%U0442%U0447%U0451%U0442%U0430."
mtSend_InvalidLoginMsg="%U041E%U0448%U0438%U0431%U043A%U0430 %U0432%U0445%U043E%U0434%U0430."
mtSend_InvalidModifyMsg="%U041E%U0448%U0438%U0431%U043A%U0430 %U0438%U0437%U043C%U0435%U043D%U0435%U043D%U0438%U044F %U043E%U0442%U0447%U0451%U0442%U0430."
mtSend_InvalidSearchMsg="%U041E%U0448%U0438%U0431%U043A%U0430 %U043F%U043E%U0438%U0441%U043A%U0430 %U043E%U0442%U0447%U0451%U0442%U0430."
mtSend_InvalidSelectionMsg="%U041E%U0448%U0438%U0431%U043A%U0430 %U043F%U043E%U0438%U0441%U043A%U0430 %U043E%U0442%U0447%U0451%U0442%U0430."
mtSend_SuccessMsg="%U041E%U0442%U0447%U0451%U0442 %U043E%U0431 %U043E%U0448%U0438%U0431%U043A%U0435 %U0431%U044B%U043B %U0443%U0441%U043F%U0435%U0448%U043D%U043E %U043E%U0442%U043F%U0440%U0430%U0432%U043B%U0435%U043D.\r\n%U0421%U043F%U0430%U0441%U0438%U0431%U043E %U0432%U0430%U043C %U0437%U0430 %U043F%U043E%U043C%U043E%U0449%U044C!"
mtSend_UnknownErrorMsg="%U041D%U0435%U0438%U0437%U0432%U0435%U0441%U0442%U043D%U0430%U044F %U043E%U0448%U0438%U0431%U043A%U0430."
mtSendDialog_Caption="%U041E%U0442%U043F%U0440%U0430%U0432%U043A%U0430 %U043E%U0442%U0447%U0451%U0442%U0430..."
mtSendDialog_Connected="%U041F%U043E%U0434%U043A%U043B%U044E%U0447%U0438%U043B%U0438%U0441%U044C."
mtSendDialog_Connecting="%U041F%U043E%U0434%U043A%U043B%U044E%U0447%U0435%U043D%U0438%U0435 %U043A %U0441%U0435%U0440%U0432%U0435%U0440%U0443..."
mtSendDialog_Disconnected="%U041E%U0442%U043A%U043B%U044E%U0447%U0438%U043B%U0438%U0441%U044C."
mtSendDialog_Disconnecting="%U041E%U0442%U043A%U043B%U044E%U0447%U0435%U043D%U0438%U0435..."
mtSendDialog_Login="%U0412%U0445%U043E%U0434..."
mtSendDialog_Message="%U0421%U043E%U043E%U0431%U0449%U0435%U043D%U0438%U0435"
mtSendDialog_Modifying="%U0418%U0437%U043C%U0435%U043D%U0435%U043D%U0438%U0435..."
mtSendDialog_Resolving="%U041F%U043E%U0438%U0441%U043A DNS..."
mtSendDialog_Searching="%U041F%U043E%U0438%U0441%U043A..."
mtSendDialog_SelectProject="%U0412%U044B%U0431%U043E%U0440 %U043F%U0440%U043E%U0435%U043A%U0442%U0430..."
mtSendDialog_Sending="%U0418%U0434%U0451%U0442 %U043E%U0442%U043F%U0440%U0430%U0432%U043A%U0430 %U043E%U0442%U0447%U0451%U0442%U0430..."
mtSendDialog_Sent="%U041E%U0442%U0447%U0451%U0442 %U043E%U0442%U043F%U0440%U0430%U0432%U043B%U0435%U043D."
Output Path=""
ProjectID="{58CE34C8-237C-4330-B5B3-6E2EB7EE82AD}"
Sender Classes="TELMailSMTPClientSender"
seSMTP=1
sndAddDateInFileName=0
sndBugZillaLogin=""
sndBugZillaPort=0
sndBugZillaURL=""
sndFogBugzHost=""
sndFogBugzLogin=""
sndFogBugzPort=0
sndFTPLogin=""
sndFTPPort=0
sndFTPURL=""
sndHTTPPort=0
sndHTTPURL=""
sndJIRAHost=""
sndJIRALogin=""
sndJIRAPort=0
sndMantisLogin=""
sndMantisPort=0
sndMantisURL=""
sndMAPISubject=""
sndMAPITarget=""
sndShellRecepient=""
sndShellSubject=""
sndShowFailureMsg=1
sndSMAPISubject=""
sndSMAPITarget=""
sndSMTPClientFrom="PriceRobot@rmsauto.ru"
sndSMTPClientHost="mail.rmsauto.local"
sndSMTPClientLogin=""
sndSMTPClientSubject="PLAdmin - EurekaLog report"
sndSMTPClientTarget="RobotAlert@rmsauto.ru"
sndSMTPServerFrom="eurekalog@email.com"
sndSMTPServerSubject=""
sndSMTPServerTarget=""
soActCtlsControlClass=1
soActCtlsControlText=1
soActCtlsFormClass=1
soActCtlsFormText=1
soAppCompilationDate=1
soAppName=1
soAppParameters=1
soAppStartDate=1
soAppUpTime=1
soAppVersionNumber=1
soCmpDisplayDPI=1
soCmpDisplayMode=1
soCmpFreeDisk=1
soCmpFreeMemory=1
soCmpName=1
soCmpPrinter=1
soCmpProcessor=1
soCmpSysUpTime=1
soCmpTotalDisk=1
soCmpTotalMemory=1
soCmpVideoCard=1
soCustomData=1
soExcCount=1
soExcDate=1
soExcModuleName=1
soExcModuleVersion=1
soExcNote=1
soExcStatus=1
soNetDHCP=1
soNetDNS1=1
soNetDNS2=1
soNetGateway=1
soNetIP=1
soNetSubmask=1
soOSBuildN=1
soOSCharset=1
soOSLanguage=1
soOSType=1
soOSUpdate=1
soUserCompany=1
soUserID=1
soUserPrivileges=1
TextsCollection=""
EurekaLog Last Line -->
